
Microsoft Visual Studio Solution File, Format Version 12.00
# Visual Studio Version 16
VisualStudioVersion = 16.0.29123.88
MinimumVisualStudioVersion = 10.0.40219.1
Project("{9A19103F-16F7-4668-BE54-9A1E7A4F7556}") = "ConsoleApp1", "ConsoleApp1\ConsoleApp1.csproj", "{94A25B2A-1CE2-4867-9B78-44359F685B29}"
EndProject
Project("{FAE04EC0-301F-11D3-BF4B-00C04F79EFBC}") = "UnitTestProject1", "UnitTestProject1\UnitTestProject1.csproj", "{40BE4DA7-A9BC-4FF4-98A5-9DC2379E7994}"
EndProject
Project("{FAE04EC0-301F-11D3-BF4B-00C04F79EFBC}") = "ClassLibrary1", "ClassLibrary1\ClassLibrary1.csproj", "{48851D15-0252-4B36-AEC9-04B5031ED139}"
EndProject
Global
	GlobalSection(SolutionConfigurationPlatforms) = preSolution
		Debug|Any CPU = Debug|Any CPU
		Release|Any CPU = Release|Any CPU
	EndGlobalSection
	GlobalSection(ProjectConfigurationPlatforms) = postSolution
		{94A25B2A-1CE2-4867-9B78-44359F685B29}.Debug|Any CPU.ActiveCfg = Debug|Any CPU
		{94A25B2A-1CE2-4867-9B78-44359F685B29}.Debug|Any CPU.Build.0 = Debug|Any CPU
		{94A25B2A-1CE2-4867-9B78-44359F685B29}.Release|Any CPU.ActiveCfg = Release|Any CPU
		{94A25B2A-1CE2-4867-9B78-44359F685B29}.Release|Any CPU.Build.0 = Release|Any CPU
		{40BE4DA7-A9BC-4FF4-98A5-9DC2379E7994}.Debug|Any CPU.ActiveCfg = Debug|Any CPU
		{40BE4DA7-A9BC-4FF4-98A5-9DC2379E7994}.Debug|Any CPU.Build.0 = Debug|Any CPU
		{40BE4DA7-A9BC-4FF4-98A5-9DC2379E7994}.Release|Any CPU.ActiveCfg = Release|Any CPU
		{40BE4DA7-A9BC-4FF4-98A5-9DC2379E7994}.Release|Any CPU.Build.0 = Release|Any CPU
		{48851D15-0252-4B36-AEC9-04B5031ED139}.Debug|Any CPU.ActiveCfg = Debug|Any CPU
		{48851D15-0252-4B36-AEC9-04B5031ED139}.Debug|Any CPU.Build.0 = Debug|Any CPU
		{48851D15-0252-4B36-AEC9-04B5031ED139}.Release|Any CPU.ActiveCfg = Release|Any CPU
		{48851D15-0252-4B36-AEC9-04B5031ED139}.Release|Any CPU.Build.0 = Release|Any CPU
	EndGlobalSection
	GlobalSection(SolutionProperties) = preSolution
		HideSolutionNode = FALSE
	EndGlobalSection
	GlobalSection(ExtensibilityGlobals) = postSolution
		SolutionGuid = {3914A992-7A29-4A2B-A0DB-F7A7955E9D9C}
	EndGlobalSection
EndGlobal
